
Microsoft Visual Studio Solution File, Format Version 12.00
# Visual Studio 15
VisualStudioVersion = 15.0.28307.1684
MinimumVisualStudioVersion = 10.0.40219.1
Project("{FAE04EC0-301F-11D3-BF4B-00C04F79EFBC}") = "Homework_4.8_2", "Homework_4.8_2\Homework_4.8_2.csproj", "{7D1488F2-A4B6-4D36-AAC6-E924B5C68D9E}"
EndProject
Global
	GlobalSection(SolutionConfigurationPlatforms) = preSolution
		Debug|Any CPU = Debug|Any CPU
		Release|Any CPU = Release|Any CPU
	EndGlobalSection
	GlobalSection(ProjectConfigurationPlatforms) = postSolution
		{7D1488F2-A4B6-4D36-AAC6-E924B5C68D9E}.Debug|Any CPU.ActiveCfg = Debug|Any CPU
		{7D1488F2-A4B6-4D36-AAC6-E924B5C68D9E}.Debug|Any CPU.Build.0 = Debug|Any CPU
		{7D1488F2-A4B6-4D36-AAC6-E924B5C68D9E}.Release|Any CPU.ActiveCfg = Release|Any CPU
		{7D1488F2-A4B6-4D36-AAC6-E924B5C68D9E}.Release|Any CPU.Build.0 = Release|Any CPU
	EndGlobalSection
	GlobalSection(SolutionProperties) = preSolution
		HideSolutionNode = FALSE
	EndGlobalSection
	GlobalSection(ExtensibilityGlobals) = postSolution
		SolutionGuid = {721C287C-ED0A-4A37-A3BF-6B07ED7FA4D3}
	EndGlobalSection
EndGlobal
