
Microsoft Visual Studio Solution File, Format Version 12.00
Project("{FAE04EC0-301F-11D3-BF4B-00C04F79EFBC}") = "HomeWork_5.5", "HomeWork_5.5\HomeWork_5.5.csproj", "{7ED58D07-1FF3-4508-A084-9C06BD4AA63C}"
EndProject
Global
	GlobalSection(SolutionConfigurationPlatforms) = preSolution
		Debug|Any CPU = Debug|Any CPU
		Release|Any CPU = Release|Any CPU
	EndGlobalSection
	GlobalSection(ProjectConfigurationPlatforms) = postSolution
		{7ED58D07-1FF3-4508-A084-9C06BD4AA63C}.Debug|Any CPU.ActiveCfg = Debug|Any CPU
		{7ED58D07-1FF3-4508-A084-9C06BD4AA63C}.Debug|Any CPU.Build.0 = Debug|Any CPU
		{7ED58D07-1FF3-4508-A084-9C06BD4AA63C}.Release|Any CPU.ActiveCfg = Release|Any CPU
		{7ED58D07-1FF3-4508-A084-9C06BD4AA63C}.Release|Any CPU.Build.0 = Release|Any CPU
	EndGlobalSection
EndGlobal
